
Microsoft Visual Studio Solution File, Format Version 12.00
# Visual Studio Version 16
VisualStudioVersion = 16.0.29418.71
MinimumVisualStudioVersion = 10.0.40219.1
Project("{F2A71F9B-5D33-465A-A702-920D77279786}") = "HW9", "HW9.fsproj", "{721F4C44-0EAD-4AB8-91B4-1E136708CADD}"
EndProject
Global
	GlobalSection(SolutionConfigurationPlatforms) = preSolution
		Debug|Any CPU = Debug|Any CPU
		Release|Any CPU = Release|Any CPU
	EndGlobalSection
	GlobalSection(ProjectConfigurationPlatforms) = postSolution
		{721F4C44-0EAD-4AB8-91B4-1E136708CADD}.Debug|Any CPU.ActiveCfg = Debug|Any CPU
		{721F4C44-0EAD-4AB8-91B4-1E136708CADD}.Debug|Any CPU.Build.0 = Debug|Any CPU
		{721F4C44-0EAD-4AB8-91B4-1E136708CADD}.Release|Any CPU.ActiveCfg = Release|Any CPU
		{721F4C44-0EAD-4AB8-91B4-1E136708CADD}.Release|Any CPU.Build.0 = Release|Any CPU
	EndGlobalSection
	GlobalSection(SolutionProperties) = preSolution
		HideSolutionNode = FALSE
	EndGlobalSection
	GlobalSection(ExtensibilityGlobals) = postSolution
		SolutionGuid = {9B74D960-63A8-48CD-BB17-BA15A76E10FD}
	EndGlobalSection
EndGlobal
